// !$*UTF8*$!
{
	archiveVersion = 1;
	classes = {
	};
	objectVersion = 56;
	objects = {

/* Begin PBXBuildFile section */
		BD026C4A2C5E914300C5287D /* LocationsApp.swift in Sources */ = {isa = PBXBuildFile; fileRef = BD026C492C5E914300C5287D /* LocationsApp.swift */; };
		BD026C4E2C5E914400C5287D /* Assets.xcassets in Resources */ = {isa = PBXBuildFile; fileRef = BD026C4D2C5E914400C5287D /* Assets.xcassets */; };
		BD026C512C5E914400C5287D /* Preview Assets.xcassets in Resources */ = {isa = PBXBuildFile; fileRef = BD026C502C5E914400C5287D /* Preview Assets.xcassets */; };
		BD026C742C5E92B500C5287D /* RemoteLocationsServiceTests.swift in Sources */ = {isa = PBXBuildFile; fileRef = BD026C732C5E92B500C5287D /* RemoteLocationsServiceTests.swift */; };
		BD026C772C5E954D00C5287D /* URLProtocolMock.swift in Sources */ = {isa = PBXBuildFile; fileRef = BD026C762C5E954D00C5287D /* URLProtocolMock.swift */; };
		BD026C7A2C5EABD800C5287D /* Location.swift in Sources */ = {isa = PBXBuildFile; fileRef = BD026C792C5EABD800C5287D /* Location.swift */; };
		BD026C7C2C5EABE100C5287D /* Coordinates.swift in Sources */ = {isa = PBXBuildFile; fileRef = BD026C7B2C5EABE100C5287D /* Coordinates.swift */; };
		BD026C802C5EAC8D00C5287D /* GitHubAPIConfig.swift in Sources */ = {isa = PBXBuildFile; fileRef = BD026C7F2C5EAC8D00C5287D /* GitHubAPIConfig.swift */; };
		BD026C822C5EACC100C5287D /* RemoteLocationsService.swift in Sources */ = {isa = PBXBuildFile; fileRef = BD026C812C5EACC100C5287D /* RemoteLocationsService.swift */; };
		BD026CA32C5FA45200C5287D /* LocationsViewModel.swift in Sources */ = {isa = PBXBuildFile; fileRef = BD026CA22C5FA45200C5287D /* LocationsViewModel.swift */; };
		BD026CA52C5FA46D00C5287D /* LocationView.swift in Sources */ = {isa = PBXBuildFile; fileRef = BD026CA42C5FA46D00C5287D /* LocationView.swift */; };
		BD026CA82C5FA48800C5287D /* LocationViewModel.swift in Sources */ = {isa = PBXBuildFile; fileRef = BD026CA72C5FA48800C5287D /* LocationViewModel.swift */; };
		BD026CAA2C5FAC5900C5287D /* Localizable.xcstrings in Resources */ = {isa = PBXBuildFile; fileRef = BD026CA92C5FAC5900C5287D /* Localizable.xcstrings */; };
		BD026CAC2C5FB1C900C5287D /* LocationsView.swift in Sources */ = {isa = PBXBuildFile; fileRef = BD026CAB2C5FB1C900C5287D /* LocationsView.swift */; };
		BD026CB02C5FCAAE00C5287D /* String+Localized.swift in Sources */ = {isa = PBXBuildFile; fileRef = BD026CAF2C5FCAAE00C5287D /* String+Localized.swift */; };
		BD026CB32C5FD01900C5287D /* Coordinator.swift in Sources */ = {isa = PBXBuildFile; fileRef = BD026CB22C5FD01900C5287D /* Coordinator.swift */; };
		BD026CB52C5FD08E00C5287D /* AppCoordinator.swift in Sources */ = {isa = PBXBuildFile; fileRef = BD026CB42C5FD08E00C5287D /* AppCoordinator.swift */; };
		BD026CB72C5FD13300C5287D /* LocationsCoordinator.swift in Sources */ = {isa = PBXBuildFile; fileRef = BD026CB62C5FD13300C5287D /* LocationsCoordinator.swift */; };
		BD026CB92C5FD40300C5287D /* View+Extensions.swift in Sources */ = {isa = PBXBuildFile; fileRef = BD026CB82C5FD40300C5287D /* View+Extensions.swift */; };
		BD026CBC2C5FD43C00C5287D /* ViewDidLoadModifier.swift in Sources */ = {isa = PBXBuildFile; fileRef = BD026CBB2C5FD43C00C5287D /* ViewDidLoadModifier.swift */; };
		BD026CBE2C5FF02C00C5287D /* Coordinates+Wikipedia.swift in Sources */ = {isa = PBXBuildFile; fileRef = BD026CBD2C5FF02C00C5287D /* Coordinates+Wikipedia.swift */; };
		BD0FF69A2C612B4C00C0DAD4 /* LocationsIntegrationTests.swift in Sources */ = {isa = PBXBuildFile; fileRef = BD0FF6992C612B4C00C0DAD4 /* LocationsIntegrationTests.swift */; };
		BD0FF69C2C612C7A00C0DAD4 /* URLSessionMock.swift in Sources */ = {isa = PBXBuildFile; fileRef = BD0FF69B2C612C7A00C0DAD4 /* URLSessionMock.swift */; };
		BD0FF69E2C61397700C0DAD4 /* Locations.xctestplan in Resources */ = {isa = PBXBuildFile; fileRef = BD0FF69D2C61397700C0DAD4 /* Locations.xctestplan */; };
		BD0FF6A12C613F4F00C0DAD4 /* LocationsSnapshotTests.swift in Sources */ = {isa = PBXBuildFile; fileRef = BD0FF6A02C613F4F00C0DAD4 /* LocationsSnapshotTests.swift */; };
		BD0FF6A32C61417F00C0DAD4 /* XCTestCase+Extensions.swift in Sources */ = {isa = PBXBuildFile; fileRef = BD0FF6A22C61417F00C0DAD4 /* XCTestCase+Extensions.swift */; };
		BD0FF6A62C61441D00C0DAD4 /* SnapshotTesting in Frameworks */ = {isa = PBXBuildFile; productRef = BD0FF6A52C61441D00C0DAD4 /* SnapshotTesting */; };
		BD0FF6A82C614E0400C0DAD4 /* LocationViewModel+Mocks.swift in Sources */ = {isa = PBXBuildFile; fileRef = BD0FF6A72C614E0400C0DAD4 /* LocationViewModel+Mocks.swift */; };
		BD0FF6AA2C614E8D00C0DAD4 /* Location+Mocks.swift in Sources */ = {isa = PBXBuildFile; fileRef = BD0FF6A92C614E8D00C0DAD4 /* Location+Mocks.swift */; };
		BD0FF6B92C61585500C0DAD4 /* SnapshotTesting in Frameworks */ = {isa = PBXBuildFile; productRef = BD0FF6B82C61585500C0DAD4 /* SnapshotTesting */; };
		BD0FF6BB2C61589600C0DAD4 /* LocationsRTLSnapshotTests.swift in Sources */ = {isa = PBXBuildFile; fileRef = BD0FF6BA2C61589600C0DAD4 /* LocationsRTLSnapshotTests.swift */; };
		BD0FF6BC2C6159F900C0DAD4 /* XCTestCase+Extensions.swift in Sources */ = {isa = PBXBuildFile; fileRef = BD0FF6A22C61417F00C0DAD4 /* XCTestCase+Extensions.swift */; };
		BD0FF6BD2C6159FD00C0DAD4 /* Location+Mocks.swift in Sources */ = {isa = PBXBuildFile; fileRef = BD0FF6A92C614E8D00C0DAD4 /* Location+Mocks.swift */; };
/* End PBXBuildFile section */

/* Begin PBXContainerItemProxy section */
		BD026C572C5E914400C5287D /* PBXContainerItemProxy */ = {
			isa = PBXContainerItemProxy;
			containerPortal = BD026C3E2C5E914300C5287D /* Project object */;
			proxyType = 1;
			remoteGlobalIDString = BD026C452C5E914300C5287D;
			remoteInfo = Locations;
		};
		BD0FF6B32C61584800C0DAD4 /* PBXContainerItemProxy */ = {
			isa = PBXContainerItemProxy;
			containerPortal = BD026C3E2C5E914300C5287D /* Project object */;
			proxyType = 1;
			remoteGlobalIDString = BD026C452C5E914300C5287D;
			remoteInfo = Locations;
		};
/* End PBXContainerItemProxy section */

/* Begin PBXFileReference section */
		BD026C462C5E914300C5287D /* Locations.app */ = {isa = PBXFileReference; explicitFileType = wrapper.application; includeInIndex = 0; path = Locations.app; sourceTree = BUILT_PRODUCTS_DIR; };
		BD026C492C5E914300C5287D /* LocationsApp.swift */ = {isa = PBXFileReference; lastKnownFileType = sourcecode.swift; path = LocationsApp.swift; sourceTree = "<group>"; };
		BD026C4D2C5E914400C5287D /* Assets.xcassets */ = {isa = PBXFileReference; lastKnownFileType = folder.assetcatalog; path = Assets.xcassets; sourceTree = "<group>"; };
		BD026C502C5E914400C5287D /* Preview Assets.xcassets */ = {isa = PBXFileReference; lastKnownFileType = folder.assetcatalog; path = "Preview Assets.xcassets"; sourceTree = "<group>"; };
		BD026C562C5E914400C5287D /* LocationsTests.xctest */ = {isa = PBXFileReference; explicitFileType = wrapper.cfbundle; includeInIndex = 0; path = LocationsTests.xctest; sourceTree = BUILT_PRODUCTS_DIR; };
		BD026C732C5E92B500C5287D /* RemoteLocationsServiceTests.swift */ = {isa = PBXFileReference; lastKnownFileType = sourcecode.swift; path = RemoteLocationsServiceTests.swift; sourceTree = "<group>"; };
		BD026C762C5E954D00C5287D /* URLProtocolMock.swift */ = {isa = PBXFileReference; lastKnownFileType = sourcecode.swift; path = URLProtocolMock.swift; sourceTree = "<group>"; };
		BD026C792C5EABD800C5287D /* Location.swift */ = {isa = PBXFileReference; lastKnownFileType = sourcecode.swift; path = Location.swift; sourceTree = "<group>"; };
		BD026C7B2C5EABE100C5287D /* Coordinates.swift */ = {isa = PBXFileReference; lastKnownFileType = sourcecode.swift; path = Coordinates.swift; sourceTree = "<group>"; };
		BD026C7F2C5EAC8D00C5287D /* GitHubAPIConfig.swift */ = {isa = PBXFileReference; lastKnownFileType = sourcecode.swift; path = GitHubAPIConfig.swift; sourceTree = "<group>"; };
		BD026C812C5EACC100C5287D /* RemoteLocationsService.swift */ = {isa = PBXFileReference; lastKnownFileType = sourcecode.swift; path = RemoteLocationsService.swift; sourceTree = "<group>"; };
		BD026CA22C5FA45200C5287D /* LocationsViewModel.swift */ = {isa = PBXFileReference; lastKnownFileType = sourcecode.swift; path = LocationsViewModel.swift; sourceTree = "<group>"; };
		BD026CA42C5FA46D00C5287D /* LocationView.swift */ = {isa = PBXFileReference; lastKnownFileType = sourcecode.swift; path = LocationView.swift; sourceTree = "<group>"; };
		BD026CA72C5FA48800C5287D /* LocationViewModel.swift */ = {isa = PBXFileReference; lastKnownFileType = sourcecode.swift; path = LocationViewModel.swift; sourceTree = "<group>"; };
		BD026CA92C5FAC5900C5287D /* Localizable.xcstrings */ = {isa = PBXFileReference; lastKnownFileType = text.json.xcstrings; path = Localizable.xcstrings; sourceTree = "<group>"; };
		BD026CAB2C5FB1C900C5287D /* LocationsView.swift */ = {isa = PBXFileReference; lastKnownFileType = sourcecode.swift; path = LocationsView.swift; sourceTree = "<group>"; };
		BD026CAF2C5FCAAE00C5287D /* String+Localized.swift */ = {isa = PBXFileReference; lastKnownFileType = sourcecode.swift; path = "String+Localized.swift"; sourceTree = "<group>"; };
		BD026CB22C5FD01900C5287D /* Coordinator.swift */ = {isa = PBXFileReference; lastKnownFileType = sourcecode.swift; path = Coordinator.swift; sourceTree = "<group>"; };
		BD026CB42C5FD08E00C5287D /* AppCoordinator.swift */ = {isa = PBXFileReference; lastKnownFileType = sourcecode.swift; path = AppCoordinator.swift; sourceTree = "<group>"; };
		BD026CB62C5FD13300C5287D /* LocationsCoordinator.swift */ = {isa = PBXFileReference; lastKnownFileType = sourcecode.swift; path = LocationsCoordinator.swift; sourceTree = "<group>"; };
		BD026CB82C5FD40300C5287D /* View+Extensions.swift */ = {isa = PBXFileReference; lastKnownFileType = sourcecode.swift; path = "View+Extensions.swift"; sourceTree = "<group>"; };
		BD026CBB2C5FD43C00C5287D /* ViewDidLoadModifier.swift */ = {isa = PBXFileReference; lastKnownFileType = sourcecode.swift; path = ViewDidLoadModifier.swift; sourceTree = "<group>"; };
		BD026CBD2C5FF02C00C5287D /* Coordinates+Wikipedia.swift */ = {isa = PBXFileReference; lastKnownFileType = sourcecode.swift; path = "Coordinates+Wikipedia.swift"; sourceTree = "<group>"; };
		BD026CBF2C60099D00C5287D /* Info.plist */ = {isa = PBXFileReference; lastKnownFileType = text.plist; path = Info.plist; sourceTree = "<group>"; };
		BD0FF6992C612B4C00C0DAD4 /* LocationsIntegrationTests.swift */ = {isa = PBXFileReference; lastKnownFileType = sourcecode.swift; path = LocationsIntegrationTests.swift; sourceTree = "<group>"; };
		BD0FF69B2C612C7A00C0DAD4 /* URLSessionMock.swift */ = {isa = PBXFileReference; lastKnownFileType = sourcecode.swift; path = URLSessionMock.swift; sourceTree = "<group>"; };
		BD0FF69D2C61397700C0DAD4 /* Locations.xctestplan */ = {isa = PBXFileReference; fileEncoding = 4; lastKnownFileType = text; path = Locations.xctestplan; sourceTree = "<group>"; };
		BD0FF6A02C613F4F00C0DAD4 /* LocationsSnapshotTests.swift */ = {isa = PBXFileReference; lastKnownFileType = sourcecode.swift; path = LocationsSnapshotTests.swift; sourceTree = "<group>"; };
		BD0FF6A22C61417F00C0DAD4 /* XCTestCase+Extensions.swift */ = {isa = PBXFileReference; lastKnownFileType = sourcecode.swift; path = "XCTestCase+Extensions.swift"; sourceTree = "<group>"; };
		BD0FF6A72C614E0400C0DAD4 /* LocationViewModel+Mocks.swift */ = {isa = PBXFileReference; lastKnownFileType = sourcecode.swift; path = "LocationViewModel+Mocks.swift"; sourceTree = "<group>"; };
		BD0FF6A92C614E8D00C0DAD4 /* Location+Mocks.swift */ = {isa = PBXFileReference; lastKnownFileType = sourcecode.swift; path = "Location+Mocks.swift"; sourceTree = "<group>"; };
		BD0FF6AF2C61584800C0DAD4 /* LocationsRTLTests.xctest */ = {isa = PBXFileReference; explicitFileType = wrapper.cfbundle; includeInIndex = 0; path = LocationsRTLTests.xctest; sourceTree = BUILT_PRODUCTS_DIR; };
		BD0FF6BA2C61589600C0DAD4 /* LocationsRTLSnapshotTests.swift */ = {isa = PBXFileReference; lastKnownFileType = sourcecode.swift; path = LocationsRTLSnapshotTests.swift; sourceTree = "<group>"; };
/* End PBXFileReference section */

/* Begin PBXFrameworksBuildPhase section */
		BD026C432C5E914300C5287D /* Frameworks */ = {
			isa = PBXFrameworksBuildPhase;
			buildActionMask = 2147483647;
			files = (
			);
			runOnlyForDeploymentPostprocessing = 0;
		};
		BD026C532C5E914400C5287D /* Frameworks */ = {
			isa = PBXFrameworksBuildPhase;
			buildActionMask = 2147483647;
			files = (
				BD0FF6A62C61441D00C0DAD4 /* SnapshotTesting in Frameworks */,
			);
			runOnlyForDeploymentPostprocessing = 0;
		};
		BD0FF6AC2C61584800C0DAD4 /* Frameworks */ = {
			isa = PBXFrameworksBuildPhase;
			buildActionMask = 2147483647;
			files = (
				BD0FF6B92C61585500C0DAD4 /* SnapshotTesting in Frameworks */,
			);
			runOnlyForDeploymentPostprocessing = 0;
		};
/* End PBXFrameworksBuildPhase section */

/* Begin PBXGroup section */
		BD026C3D2C5E914300C5287D = {
			isa = PBXGroup;
			children = (
				BD0FF69D2C61397700C0DAD4 /* Locations.xctestplan */,
				BD026C482C5E914300C5287D /* Locations */,
				BD026C592C5E914400C5287D /* LocationsTests */,
				BD0FF6B02C61584800C0DAD4 /* LocationsRTLTests */,
				BD026C472C5E914300C5287D /* Products */,
				BD0FF6A42C61441D00C0DAD4 /* Frameworks */,
			);
			sourceTree = "<group>";
		};
		BD026C472C5E914300C5287D /* Products */ = {
			isa = PBXGroup;
			children = (
				BD026C462C5E914300C5287D /* Locations.app */,
				BD026C562C5E914400C5287D /* LocationsTests.xctest */,
				BD0FF6AF2C61584800C0DAD4 /* LocationsRTLTests.xctest */,
			);
			name = Products;
			sourceTree = "<group>";
		};
		BD026C482C5E914300C5287D /* Locations */ = {
			isa = PBXGroup;
			children = (
				BD026CBF2C60099D00C5287D /* Info.plist */,
				BD026CAD2C5FCA9000C5287D /* Common */,
				BD026C9F2C5FA41500C5287D /* Features */,
				BD026C7E2C5EAC7700C5287D /* Network */,
				BD026C7D2C5EAC1A00C5287D /* Services */,
				BD026C782C5EABC700C5287D /* Models */,
				BD026C492C5E914300C5287D /* LocationsApp.swift */,
				BD026C4D2C5E914400C5287D /* Assets.xcassets */,
				BD026C4F2C5E914400C5287D /* Preview Content */,
				BD026CA92C5FAC5900C5287D /* Localizable.xcstrings */,
			);
			path = Locations;
			sourceTree = "<group>";
		};
		BD026C4F2C5E914400C5287D /* Preview Content */ = {
			isa = PBXGroup;
			children = (
				BD026C502C5E914400C5287D /* Preview Assets.xcassets */,
			);
			path = "Preview Content";
			sourceTree = "<group>";
		};
		BD026C592C5E914400C5287D /* LocationsTests */ = {
			isa = PBXGroup;
			children = (
				BD026C752C5E952400C5287D /* Helpers */,
				BD026C732C5E92B500C5287D /* RemoteLocationsServiceTests.swift */,
			);
			path = LocationsTests;
			sourceTree = "<group>";
		};
		BD026C752C5E952400C5287D /* Helpers */ = {
			isa = PBXGroup;
			children = (
				BD026C762C5E954D00C5287D /* URLProtocolMock.swift */,
				BD0FF69B2C612C7A00C0DAD4 /* URLSessionMock.swift */,
				BD0FF6A22C61417F00C0DAD4 /* XCTestCase+Extensions.swift */,
				BD0FF6A72C614E0400C0DAD4 /* LocationViewModel+Mocks.swift */,
				BD0FF6A92C614E8D00C0DAD4 /* Location+Mocks.swift */,
			);
			path = Helpers;
			sourceTree = "<group>";
		};
		BD026C782C5EABC700C5287D /* Models */ = {
			isa = PBXGroup;
			children = (
				BD026C792C5EABD800C5287D /* Location.swift */,
				BD026C7B2C5EABE100C5287D /* Coordinates.swift */,
				BD026CBD2C5FF02C00C5287D /* Coordinates+Wikipedia.swift */,
			);
			path = Models;
			sourceTree = "<group>";
		};
		BD026C7D2C5EAC1A00C5287D /* Services */ = {
			isa = PBXGroup;
			children = (
				BD026C812C5EACC100C5287D /* RemoteLocationsService.swift */,
			);
			path = Services;
			sourceTree = "<group>";
		};
		BD026C7E2C5EAC7700C5287D /* Network */ = {
			isa = PBXGroup;
			children = (
				BD026C7F2C5EAC8D00C5287D /* GitHubAPIConfig.swift */,
			);
			path = Network;
			sourceTree = "<group>";
		};
		BD026C9F2C5FA41500C5287D /* Features */ = {
			isa = PBXGroup;
			children = (
				BD026CA02C5FA42200C5287D /* Locations */,
				BD0FF6982C612B2900C0DAD4 /* Tests */,
			);
			path = Features;
			sourceTree = "<group>";
		};
		BD026CA02C5FA42200C5287D /* Locations */ = {
			isa = PBXGroup;
			children = (
				BD026CB62C5FD13300C5287D /* LocationsCoordinator.swift */,
				BD026CAB2C5FB1C900C5287D /* LocationsView.swift */,
				BD026CA22C5FA45200C5287D /* LocationsViewModel.swift */,
				BD026CA12C5FA43F00C5287D /* Components */,
			);
			path = Locations;
			sourceTree = "<group>";
		};
		BD026CA12C5FA43F00C5287D /* Components */ = {
			isa = PBXGroup;
			children = (
				BD026CA62C5FA47500C5287D /* LocationView */,
			);
			path = Components;
			sourceTree = "<group>";
		};
		BD026CA62C5FA47500C5287D /* LocationView */ = {
			isa = PBXGroup;
			children = (
				BD026CA42C5FA46D00C5287D /* LocationView.swift */,
				BD026CA72C5FA48800C5287D /* LocationViewModel.swift */,
			);
			path = LocationView;
			sourceTree = "<group>";
		};
		BD026CAD2C5FCA9000C5287D /* Common */ = {
			isa = PBXGroup;
			children = (
				BD026CBA2C5FD42E00C5287D /* ViewModifiers */,
				BD026CB12C5FD00100C5287D /* Coordinator */,
				BD026CAE2C5FCA9C00C5287D /* Extensions */,
			);
			path = Common;
			sourceTree = "<group>";
		};
		BD026CAE2C5FCA9C00C5287D /* Extensions */ = {
			isa = PBXGroup;
			children = (
				BD026CAF2C5FCAAE00C5287D /* String+Localized.swift */,
				BD026CB82C5FD40300C5287D /* View+Extensions.swift */,
			);
			path = Extensions;
			sourceTree = "<group>";
		};
		BD026CB12C5FD00100C5287D /* Coordinator */ = {
			isa = PBXGroup;
			children = (
				BD026CB22C5FD01900C5287D /* Coordinator.swift */,
				BD026CB42C5FD08E00C5287D /* AppCoordinator.swift */,
			);
			path = Coordinator;
			sourceTree = "<group>";
		};
		BD026CBA2C5FD42E00C5287D /* ViewModifiers */ = {
			isa = PBXGroup;
			children = (
				BD026CBB2C5FD43C00C5287D /* ViewDidLoadModifier.swift */,
			);
			path = ViewModifiers;
			sourceTree = "<group>";
		};
		BD0FF6982C612B2900C0DAD4 /* Tests */ = {
			isa = PBXGroup;
			children = (
				BD0FF6992C612B4C00C0DAD4 /* LocationsIntegrationTests.swift */,
				BD0FF6A02C613F4F00C0DAD4 /* LocationsSnapshotTests.swift */,
				BD0FF6BA2C61589600C0DAD4 /* LocationsRTLSnapshotTests.swift */,
			);
			path = Tests;
			sourceTree = "<group>";
		};
		BD0FF6A42C61441D00C0DAD4 /* Frameworks */ = {
			isa = PBXGroup;
			children = (
			);
			name = Frameworks;
			sourceTree = "<group>";
		};
		BD0FF6B02C61584800C0DAD4 /* LocationsRTLTests */ = {
			isa = PBXGroup;
			children = (
			);
			path = LocationsRTLTests;
			sourceTree = "<group>";
		};
/* End PBXGroup section */

/* Begin PBXNativeTarget section */
		BD026C452C5E914300C5287D /* Locations */ = {
			isa = PBXNativeTarget;
			buildConfigurationList = BD026C6A2C5E914400C5287D /* Build configuration list for PBXNativeTarget "Locations" */;
			buildPhases = (
				BD026C422C5E914300C5287D /* Sources */,
				BD026C432C5E914300C5287D /* Frameworks */,
				BD026C442C5E914300C5287D /* Resources */,
			);
			buildRules = (
			);
			dependencies = (
			);
			name = Locations;
			productName = Locations;
			productReference = BD026C462C5E914300C5287D /* Locations.app */;
			productType = "com.apple.product-type.application";
		};
		BD026C552C5E914400C5287D /* LocationsTests */ = {
			isa = PBXNativeTarget;
			buildConfigurationList = BD026C6D2C5E914400C5287D /* Build configuration list for PBXNativeTarget "LocationsTests" */;
			buildPhases = (
				BD026C522C5E914400C5287D /* Sources */,
				BD026C532C5E914400C5287D /* Frameworks */,
				BD026C542C5E914400C5287D /* Resources */,
			);
			buildRules = (
			);
			dependencies = (
				BD026C582C5E914400C5287D /* PBXTargetDependency */,
			);
			name = LocationsTests;
			packageProductDependencies = (
				BD0FF6A52C61441D00C0DAD4 /* SnapshotTesting */,
			);
			productName = LocationsTests;
			productReference = BD026C562C5E914400C5287D /* LocationsTests.xctest */;
			productType = "com.apple.product-type.bundle.unit-test";
		};
		BD0FF6AE2C61584800C0DAD4 /* LocationsRTLTests */ = {
			isa = PBXNativeTarget;
			buildConfigurationList = BD0FF6B52C61584800C0DAD4 /* Build configuration list for PBXNativeTarget "LocationsRTLTests" */;
			buildPhases = (
				BD0FF6AB2C61584800C0DAD4 /* Sources */,
				BD0FF6AC2C61584800C0DAD4 /* Frameworks */,
				BD0FF6AD2C61584800C0DAD4 /* Resources */,
			);
			buildRules = (
			);
			dependencies = (
				BD0FF6B42C61584800C0DAD4 /* PBXTargetDependency */,
			);
			name = LocationsRTLTests;
			packageProductDependencies = (
				BD0FF6B82C61585500C0DAD4 /* SnapshotTesting */,
			);
			productName = LocationsRTLTests;
			productReference = BD0FF6AF2C61584800C0DAD4 /* LocationsRTLTests.xctest */;
			productType = "com.apple.product-type.bundle.unit-test";
		};
/* End PBXNativeTarget section */

/* Begin PBXProject section */
		BD026C3E2C5E914300C5287D /* Project object */ = {
			isa = PBXProject;
			attributes = {
				BuildIndependentTargetsInParallel = 1;
				LastSwiftUpdateCheck = 1530;
				LastUpgradeCheck = 1530;
				TargetAttributes = {
					BD026C452C5E914300C5287D = {
						CreatedOnToolsVersion = 15.3;
					};
					BD026C552C5E914400C5287D = {
						CreatedOnToolsVersion = 15.3;
						LastSwiftMigration = 1530;
						TestTargetID = BD026C452C5E914300C5287D;
					};
					BD0FF6AE2C61584800C0DAD4 = {
						CreatedOnToolsVersion = 15.3;
						TestTargetID = BD026C452C5E914300C5287D;
					};
				};
			};
			buildConfigurationList = BD026C412C5E914300C5287D /* Build configuration list for PBXProject "Locations" */;
			compatibilityVersion = "Xcode 14.0";
			developmentRegion = en;
			hasScannedForEncodings = 0;
			knownRegions = (
				en,
				Base,
				ar,
			);
			mainGroup = BD026C3D2C5E914300C5287D;
			packageReferences = (
				BD0FF69F2C613F2100C0DAD4 /* XCRemoteSwiftPackageReference "swift-snapshot-testing" */,
			);
			productRefGroup = BD026C472C5E914300C5287D /* Products */;
			projectDirPath = "";
			projectRoot = "";
			targets = (
				BD026C452C5E914300C5287D /* Locations */,
				BD026C552C5E914400C5287D /* LocationsTests */,
				BD0FF6AE2C61584800C0DAD4 /* LocationsRTLTests */,
			);
		};
/* End PBXProject section */

/* Begin PBXResourcesBuildPhase section */
		BD026C442C5E914300C5287D /* Resources */ = {
			isa = PBXResourcesBuildPhase;
			buildActionMask = 2147483647;
			files = (
				BD026C512C5E914400C5287D /* Preview Assets.xcassets in Resources */,
				BD026C4E2C5E914400C5287D /* Assets.xcassets in Resources */,
				BD026CAA2C5FAC5900C5287D /* Localizable.xcstrings in Resources */,
			);
			runOnlyForDeploymentPostprocessing = 0;
		};
		BD026C542C5E914400C5287D /* Resources */ = {
			isa = PBXResourcesBuildPhase;
			buildActionMask = 2147483647;
			files = (
				BD0FF69E2C61397700C0DAD4 /* Locations.xctestplan in Resources */,
			);
			runOnlyForDeploymentPostprocessing = 0;
		};
		BD0FF6AD2C61584800C0DAD4 /* Resources */ = {
			isa = PBXResourcesBuildPhase;
			buildActionMask = 2147483647;
			files = (
			);
			runOnlyForDeploymentPostprocessing = 0;
		};
/* End PBXResourcesBuildPhase section */

/* Begin PBXSourcesBuildPhase section */
		BD026C422C5E914300C5287D /* Sources */ = {
			isa = PBXSourcesBuildPhase;
			buildActionMask = 2147483647;
			files = (
				BD026CBC2C5FD43C00C5287D /* ViewDidLoadModifier.swift in Sources */,
				BD026CB52C5FD08E00C5287D /* AppCoordinator.swift in Sources */,
				BD026CA52C5FA46D00C5287D /* LocationView.swift in Sources */,
				BD026CBE2C5FF02C00C5287D /* Coordinates+Wikipedia.swift in Sources */,
				BD026C802C5EAC8D00C5287D /* GitHubAPIConfig.swift in Sources */,
				BD026C7A2C5EABD800C5287D /* Location.swift in Sources */,
				BD026CA32C5FA45200C5287D /* LocationsViewModel.swift in Sources */,
				BD026CB02C5FCAAE00C5287D /* String+Localized.swift in Sources */,
				BD026C4A2C5E914300C5287D /* LocationsApp.swift in Sources */,
				BD026CB32C5FD01900C5287D /* Coordinator.swift in Sources */,
				BD026CB72C5FD13300C5287D /* LocationsCoordinator.swift in Sources */,
				BD026C822C5EACC100C5287D /* RemoteLocationsService.swift in Sources */,
				BD026CB92C5FD40300C5287D /* View+Extensions.swift in Sources */,
				BD026CAC2C5FB1C900C5287D /* LocationsView.swift in Sources */,
				BD026CA82C5FA48800C5287D /* LocationViewModel.swift in Sources */,
				BD026C7C2C5EABE100C5287D /* Coordinates.swift in Sources */,
			);
			runOnlyForDeploymentPostprocessing = 0;
		};
		BD026C522C5E914400C5287D /* Sources */ = {
			isa = PBXSourcesBuildPhase;
			buildActionMask = 2147483647;
			files = (
				BD0FF6AA2C614E8D00C0DAD4 /* Location+Mocks.swift in Sources */,
				BD0FF6A82C614E0400C0DAD4 /* LocationViewModel+Mocks.swift in Sources */,
				BD0FF6A12C613F4F00C0DAD4 /* LocationsSnapshotTests.swift in Sources */,
				BD0FF69C2C612C7A00C0DAD4 /* URLSessionMock.swift in Sources */,
				BD026C742C5E92B500C5287D /* RemoteLocationsServiceTests.swift in Sources */,
				BD0FF69A2C612B4C00C0DAD4 /* LocationsIntegrationTests.swift in Sources */,
				BD0FF6A32C61417F00C0DAD4 /* XCTestCase+Extensions.swift in Sources */,
				BD026C772C5E954D00C5287D /* URLProtocolMock.swift in Sources */,
			);
			runOnlyForDeploymentPostprocessing = 0;
		};
		BD0FF6AB2C61584800C0DAD4 /* Sources */ = {
			isa = PBXSourcesBuildPhase;
			buildActionMask = 2147483647;
			files = (
				BD0FF6BD2C6159FD00C0DAD4 /* Location+Mocks.swift in Sources */,
				BD0FF6BC2C6159F900C0DAD4 /* XCTestCase+Extensions.swift in Sources */,
				BD0FF6BB2C61589600C0DAD4 /* LocationsRTLSnapshotTests.swift in Sources */,
			);
			runOnlyForDeploymentPostprocessing = 0;
		};
/* End PBXSourcesBuildPhase section */

/* Begin PBXTargetDependency section */
		BD026C582C5E914400C5287D /* PBXTargetDependency */ = {
			isa = PBXTargetDependency;
			target = BD026C452C5E914300C5287D /* Locations */;
			targetProxy = BD026C572C5E914400C5287D /* PBXContainerItemProxy */;
		};
		BD0FF6B42C61584800C0DAD4 /* PBXTargetDependency */ = {
			isa = PBXTargetDependency;
			target = BD026C452C5E914300C5287D /* Locations */;
			targetProxy = BD0FF6B32C61584800C0DAD4 /* PBXContainerItemProxy */;
		};
/* End PBXTargetDependency section */

/* Begin XCBuildConfiguration section */
		BD026C682C5E914400C5287D /* Debug */ = {
			isa = XCBuildConfiguration;
			buildSettings = {
				ALWAYS_SEARCH_USER_PATHS = NO;
				ASSETCATALOG_COMPILER_GENERATE_SWIFT_ASSET_SYMBOL_EXTENSIONS = YES;
				CLANG_ANALYZER_NONNULL = YES;
				CLANG_ANALYZER_NUMBER_OBJECT_CONVERSION = YES_AGGRESSIVE;
				CLANG_CXX_LANGUAGE_STANDARD = "gnu++20";
				CLANG_ENABLE_MODULES = YES;
				CLANG_ENABLE_OBJC_ARC = YES;
				CLANG_ENABLE_OBJC_WEAK = YES;
				CLANG_WARN_BLOCK_CAPTURE_AUTORELEASING = YES;
				CLANG_WARN_BOOL_CONVERSION = YES;
				CLANG_WARN_COMMA = YES;
				CLANG_WARN_CONSTANT_CONVERSION = YES;
				CLANG_WARN_DEPRECATED_OBJC_IMPLEMENTATIONS = YES;
				CLANG_WARN_DIRECT_OBJC_ISA_USAGE = YES_ERROR;
				CLANG_WARN_DOCUMENTATION_COMMENTS = YES;
				CLANG_WARN_EMPTY_BODY = YES;
				CLANG_WARN_ENUM_CONVERSION = YES;
				CLANG_WARN_INFINITE_RECURSION = YES;
				CLANG_WARN_INT_CONVERSION = YES;
				CLANG_WARN_NON_LITERAL_NULL_CONVERSION = YES;
				CLANG_WARN_OBJC_IMPLICIT_RETAIN_SELF = YES;
				CLANG_WARN_OBJC_LITERAL_CONVERSION = YES;
				CLANG_WARN_OBJC_ROOT_CLASS = YES_ERROR;
				CLANG_WARN_QUOTED_INCLUDE_IN_FRAMEWORK_HEADER = YES;
				CLANG_WARN_RANGE_LOOP_ANALYSIS = YES;
				CLANG_WARN_STRICT_PROTOTYPES = YES;
				CLANG_WARN_SUSPICIOUS_MOVE = YES;
				CLANG_WARN_UNGUARDED_AVAILABILITY = YES_AGGRESSIVE;
				CLANG_WARN_UNREACHABLE_CODE = YES;
				CLANG_WARN__DUPLICATE_METHOD_MATCH = YES;
				COPY_PHASE_STRIP = NO;
				DEBUG_INFORMATION_FORMAT = dwarf;
				ENABLE_STRICT_OBJC_MSGSEND = YES;
				ENABLE_TESTABILITY = YES;
				ENABLE_USER_SCRIPT_SANDBOXING = YES;
				GCC_C_LANGUAGE_STANDARD = gnu17;
				GCC_DYNAMIC_NO_PIC = NO;
				GCC_NO_COMMON_BLOCKS = YES;
				GCC_OPTIMIZATION_LEVEL = 0;
				GCC_PREPROCESSOR_DEFINITIONS = (
					"DEBUG=1",
					"$(inherited)",
				);
				GCC_WARN_64_TO_32_BIT_CONVERSION = YES;
				GCC_WARN_ABOUT_RETURN_TYPE = YES_ERROR;
				GCC_WARN_UNDECLARED_SELECTOR = YES;
				GCC_WARN_UNINITIALIZED_AUTOS = YES_AGGRESSIVE;
				GCC_WARN_UNUSED_FUNCTION = YES;
				GCC_WARN_UNUSED_VARIABLE = YES;
				IPHONEOS_DEPLOYMENT_TARGET = 17.4;
				LOCALIZATION_PREFERS_STRING_CATALOGS = YES;
				MTL_ENABLE_DEBUG_INFO = INCLUDE_SOURCE;
				MTL_FAST_MATH = YES;
				ONLY_ACTIVE_ARCH = YES;
				SDKROOT = iphoneos;
				SWIFT_ACTIVE_COMPILATION_CONDITIONS = "DEBUG $(inherited)";
				SWIFT_OPTIMIZATION_LEVEL = "-Onone";
			};
			name = Debug;
		};
		BD026C692C5E914400C5287D /* Release */ = {
			isa = XCBuildConfiguration;
			buildSettings = {
				ALWAYS_SEARCH_USER_PATHS = NO;
				ASSETCATALOG_COMPILER_GENERATE_SWIFT_ASSET_SYMBOL_EXTENSIONS = YES;
				CLANG_ANALYZER_NONNULL = YES;
				CLANG_ANALYZER_NUMBER_OBJECT_CONVERSION = YES_AGGRESSIVE;
				CLANG_CXX_LANGUAGE_STANDARD = "gnu++20";
				CLANG_ENABLE_MODULES = YES;
				CLANG_ENABLE_OBJC_ARC = YES;
				CLANG_ENABLE_OBJC_WEAK = YES;
				CLANG_WARN_BLOCK_CAPTURE_AUTORELEASING = YES;
				CLANG_WARN_BOOL_CONVERSION = YES;
				CLANG_WARN_COMMA = YES;
				CLANG_WARN_CONSTANT_CONVERSION = YES;
				CLANG_WARN_DEPRECATED_OBJC_IMPLEMENTATIONS = YES;
				CLANG_WARN_DIRECT_OBJC_ISA_USAGE = YES_ERROR;
				CLANG_WARN_DOCUMENTATION_COMMENTS = YES;
				CLANG_WARN_EMPTY_BODY = YES;
				CLANG_WARN_ENUM_CONVERSION = YES;
				CLANG_WARN_INFINITE_RECURSION = YES;
				CLANG_WARN_INT_CONVERSION = YES;
				CLANG_WARN_NON_LITERAL_NULL_CONVERSION = YES;
				CLANG_WARN_OBJC_IMPLICIT_RETAIN_SELF = YES;
				CLANG_WARN_OBJC_LITERAL_CONVERSION = YES;
				CLANG_WARN_OBJC_ROOT_CLASS = YES_ERROR;
				CLANG_WARN_QUOTED_INCLUDE_IN_FRAMEWORK_HEADER = YES;
				CLANG_WARN_RANGE_LOOP_ANALYSIS = YES;
				CLANG_WARN_STRICT_PROTOTYPES = YES;
				CLANG_WARN_SUSPICIOUS_MOVE = YES;
				CLANG_WARN_UNGUARDED_AVAILABILITY = YES_AGGRESSIVE;
				CLANG_WARN_UNREACHABLE_CODE = YES;
				CLANG_WARN__DUPLICATE_METHOD_MATCH = YES;
				COPY_PHASE_STRIP = NO;
				DEBUG_INFORMATION_FORMAT = "dwarf-with-dsym";
				ENABLE_NS_ASSERTIONS = NO;
				ENABLE_STRICT_OBJC_MSGSEND = YES;
				ENABLE_USER_SCRIPT_SANDBOXING = YES;
				GCC_C_LANGUAGE_STANDARD = gnu17;
				GCC_NO_COMMON_BLOCKS = YES;
				GCC_WARN_64_TO_32_BIT_CONVERSION = YES;
				GCC_WARN_ABOUT_RETURN_TYPE = YES_ERROR;
				GCC_WARN_UNDECLARED_SELECTOR = YES;
				GCC_WARN_UNINITIALIZED_AUTOS = YES_AGGRESSIVE;
				GCC_WARN_UNUSED_FUNCTION = YES;
				GCC_WARN_UNUSED_VARIABLE = YES;
				IPHONEOS_DEPLOYMENT_TARGET = 17.4;
				LOCALIZATION_PREFERS_STRING_CATALOGS = YES;
				MTL_ENABLE_DEBUG_INFO = NO;
				MTL_FAST_MATH = YES;
				SDKROOT = iphoneos;
				SWIFT_COMPILATION_MODE = wholemodule;
				VALIDATE_PRODUCT = YES;
			};
			name = Release;
		};
		BD026C6B2C5E914400C5287D /* Debug */ = {
			isa = XCBuildConfiguration;
			buildSettings = {
				ASSETCATALOG_COMPILER_APPICON_NAME = AppIcon;
				ASSETCATALOG_COMPILER_GLOBAL_ACCENT_COLOR_NAME = AccentColor;
				CODE_SIGN_STYLE = Automatic;
				CURRENT_PROJECT_VERSION = 1;
				DEVELOPMENT_ASSET_PATHS = "\"Locations/Preview Content\"";
				DEVELOPMENT_TEAM = YYAZ4HHX7J;
				ENABLE_PREVIEWS = YES;
				GENERATE_INFOPLIST_FILE = YES;
				INFOPLIST_FILE = Locations/Info.plist;
				INFOPLIST_KEY_UIApplicationSceneManifest_Generation = YES;
				INFOPLIST_KEY_UIApplicationSupportsIndirectInputEvents = YES;
				INFOPLIST_KEY_UILaunchScreen_Generation = YES;
				INFOPLIST_KEY_UISupportedInterfaceOrientations_iPad = "UIInterfaceOrientationPortrait UIInterfaceOrientationPortraitUpsideDown UIInterfaceOrientationLandscapeLeft UIInterfaceOrientationLandscapeRight";
				INFOPLIST_KEY_UISupportedInterfaceOrientations_iPhone = "UIInterfaceOrientationPortrait UIInterfaceOrientationLandscapeLeft UIInterfaceOrientationLandscapeRight";
				LD_RUNPATH_SEARCH_PATHS = (
					"$(inherited)",
					"@executable_path/Frameworks",
				);
				MARKETING_VERSION = 1.0;
				PRODUCT_BUNDLE_IDENTIFIER = com.mohammedalwaili.Locations;
				PRODUCT_NAME = "$(TARGET_NAME)";
				SWIFT_EMIT_LOC_STRINGS = YES;
				SWIFT_VERSION = 5.0;
				TARGETED_DEVICE_FAMILY = "1,2";
			};
			name = Debug;
		};
		BD026C6C2C5E914400C5287D /* Release */ = {
			isa = XCBuildConfiguration;
			buildSettings = {
				ASSETCATALOG_COMPILER_APPICON_NAME = AppIcon;
				ASSETCATALOG_COMPILER_GLOBAL_ACCENT_COLOR_NAME = AccentColor;
				CODE_SIGN_STYLE = Automatic;
				CURRENT_PROJECT_VERSION = 1;
				DEVELOPMENT_ASSET_PATHS = "\"Locations/Preview Content\"";
				DEVELOPMENT_TEAM = YYAZ4HHX7J;
				ENABLE_PREVIEWS = YES;
				GENERATE_INFOPLIST_FILE = YES;
				INFOPLIST_FILE = Locations/Info.plist;
				INFOPLIST_KEY_UIApplicationSceneManifest_Generation = YES;
				INFOPLIST_KEY_UIApplicationSupportsIndirectInputEvents = YES;
				INFOPLIST_KEY_UILaunchScreen_Generation = YES;
				INFOPLIST_KEY_UISupportedInterfaceOrientations_iPad = "UIInterfaceOrientationPortrait UIInterfaceOrientationPortraitUpsideDown UIInterfaceOrientationLandscapeLeft UIInterfaceOrientationLandscapeRight";
				INFOPLIST_KEY_UISupportedInterfaceOrientations_iPhone = "UIInterfaceOrientationPortrait UIInterfaceOrientationLandscapeLeft UIInterfaceOrientationLandscapeRight";
				LD_RUNPATH_SEARCH_PATHS = (
					"$(inherited)",
					"@executable_path/Frameworks",
				);
				MARKETING_VERSION = 1.0;
				PRODUCT_BUNDLE_IDENTIFIER = com.mohammedalwaili.Locations;
				PRODUCT_NAME = "$(TARGET_NAME)";
				SWIFT_EMIT_LOC_STRINGS = YES;
				SWIFT_VERSION = 5.0;
				TARGETED_DEVICE_FAMILY = "1,2";
			};
			name = Release;
		};
		BD026C6E2C5E914400C5287D /* Debug */ = {
			isa = XCBuildConfiguration;
			buildSettings = {
				ALWAYS_EMBED_SWIFT_STANDARD_LIBRARIES = YES;
				BUNDLE_LOADER = "$(TEST_HOST)";
				CLANG_ENABLE_MODULES = YES;
				CODE_SIGN_STYLE = Automatic;
				CURRENT_PROJECT_VERSION = 1;
				DEVELOPMENT_TEAM = YYAZ4HHX7J;
				GENERATE_INFOPLIST_FILE = YES;
				IPHONEOS_DEPLOYMENT_TARGET = 17.4;
				MARKETING_VERSION = 1.0;
				PRODUCT_BUNDLE_IDENTIFIER = com.mohammedalwaili.LocationsTests;
				PRODUCT_NAME = "$(TARGET_NAME)";
				SWIFT_EMIT_LOC_STRINGS = NO;
				SWIFT_OPTIMIZATION_LEVEL = "-Onone";
				SWIFT_VERSION = 5.0;
				TARGETED_DEVICE_FAMILY = "1,2";
				TEST_HOST = "$(BUILT_PRODUCTS_DIR)/Locations.app/$(BUNDLE_EXECUTABLE_FOLDER_PATH)/Locations";
			};
			name = Debug;
		};
		BD026C6F2C5E914400C5287D /* Release */ = {
			isa = XCBuildConfiguration;
			buildSettings = {
				ALWAYS_EMBED_SWIFT_STANDARD_LIBRARIES = YES;
				BUNDLE_LOADER = "$(TEST_HOST)";
				CLANG_ENABLE_MODULES = YES;
				CODE_SIGN_STYLE = Automatic;
				CURRENT_PROJECT_VERSION = 1;
				DEVELOPMENT_TEAM = YYAZ4HHX7J;
				GENERATE_INFOPLIST_FILE = YES;
				IPHONEOS_DEPLOYMENT_TARGET = 17.4;
				MARKETING_VERSION = 1.0;
				PRODUCT_BUNDLE_IDENTIFIER = com.mohammedalwaili.LocationsTests;
				PRODUCT_NAME = "$(TARGET_NAME)";
				SWIFT_EMIT_LOC_STRINGS = NO;
				SWIFT_VERSION = 5.0;
				TARGETED_DEVICE_FAMILY = "1,2";
				TEST_HOST = "$(BUILT_PRODUCTS_DIR)/Locations.app/$(BUNDLE_EXECUTABLE_FOLDER_PATH)/Locations";
			};
			name = Release;
		};
		BD0FF6B62C61584800C0DAD4 /* Debug */ = {
			isa = XCBuildConfiguration;
			buildSettings = {
				BUNDLE_LOADER = "$(TEST_HOST)";
				CODE_SIGN_STYLE = Automatic;
				CURRENT_PROJECT_VERSION = 1;
				DEVELOPMENT_TEAM = YYAZ4HHX7J;
				GENERATE_INFOPLIST_FILE = YES;
				MARKETING_VERSION = 1.0;
				PRODUCT_BUNDLE_IDENTIFIER = com.mohammedalwaili.LocationsRTLTests;
				PRODUCT_NAME = "$(TARGET_NAME)";
				SWIFT_EMIT_LOC_STRINGS = NO;
				SWIFT_VERSION = 5.0;
				TARGETED_DEVICE_FAMILY = "1,2";
				TEST_HOST = "$(BUILT_PRODUCTS_DIR)/Locations.app/$(BUNDLE_EXECUTABLE_FOLDER_PATH)/Locations";
			};
			name = Debug;
		};
		BD0FF6B72C61584800C0DAD4 /* Release */ = {
			isa = XCBuildConfiguration;
			buildSettings = {
				BUNDLE_LOADER = "$(TEST_HOST)";
				CODE_SIGN_STYLE = Automatic;
				CURRENT_PROJECT_VERSION = 1;
				DEVELOPMENT_TEAM = YYAZ4HHX7J;
				GENERATE_INFOPLIST_FILE = YES;
				MARKETING_VERSION = 1.0;
				PRODUCT_BUNDLE_IDENTIFIER = com.mohammedalwaili.LocationsRTLTests;
				PRODUCT_NAME = "$(TARGET_NAME)";
				SWIFT_EMIT_LOC_STRINGS = NO;
				SWIFT_VERSION = 5.0;
				TARGETED_DEVICE_FAMILY = "1,2";
				TEST_HOST = "$(BUILT_PRODUCTS_DIR)/Locations.app/$(BUNDLE_EXECUTABLE_FOLDER_PATH)/Locations";
			};
			name = Release;
		};
/* End XCBuildConfiguration section */

/* Begin XCConfigurationList section */
		BD026C412C5E914300C5287D /* Build configuration list for PBXProject "Locations" */ = {
			isa = XCConfigurationList;
			buildConfigurations = (
				BD026C682C5E914400C5287D /* Debug */,
				BD026C692C5E914400C5287D /* Release */,
			);
			defaultConfigurationIsVisible = 0;
			defaultConfigurationName = Release;
		};
		BD026C6A2C5E914400C5287D /* Build configuration list for PBXNativeTarget "Locations" */ = {
			isa = XCConfigurationList;
			buildConfigurations = (
				BD026C6B2C5E914400C5287D /* Debug */,
				BD026C6C2C5E914400C5287D /* Release */,
			);
			defaultConfigurationIsVisible = 0;
			defaultConfigurationName = Release;
		};
		BD026C6D2C5E914400C5287D /* Build configuration list for PBXNativeTarget "LocationsTests" */ = {
			isa = XCConfigurationList;
			buildConfigurations = (
				BD026C6E2C5E914400C5287D /* Debug */,
				BD026C6F2C5E914400C5287D /* Release */,
			);
			defaultConfigurationIsVisible = 0;
			defaultConfigurationName = Release;
		};
		BD0FF6B52C61584800C0DAD4 /* Build configuration list for PBXNativeTarget "LocationsRTLTests" */ = {
			isa = XCConfigurationList;
			buildConfigurations = (
				BD0FF6B62C61584800C0DAD4 /* Debug */,
				BD0FF6B72C61584800C0DAD4 /* Release */,
			);
			defaultConfigurationIsVisible = 0;
			defaultConfigurationName = Release;
		};
/* End XCConfigurationList section */

/* Begin XCRemoteSwiftPackageReference section */
		BD0FF69F2C613F2100C0DAD4 /* XCRemoteSwiftPackageReference "swift-snapshot-testing" */ = {
			isa = XCRemoteSwiftPackageReference;
			repositoryURL = "https://github.com/pointfreeco/swift-snapshot-testing.git";
			requirement = {
				kind = upToNextMajorVersion;
				minimumVersion = 1.17.3;
			};
		};
/* End XCRemoteSwiftPackageReference section */

/* Begin XCSwiftPackageProductDependency section */
		BD0FF6A52C61441D00C0DAD4 /* SnapshotTesting */ = {
			isa = XCSwiftPackageProductDependency;
			package = BD0FF69F2C613F2100C0DAD4 /* XCRemoteSwiftPackageReference "swift-snapshot-testing" */;
			productName = SnapshotTesting;
		};
		BD0FF6B82C61585500C0DAD4 /* SnapshotTesting */ = {
			isa = XCSwiftPackageProductDependency;
			package = BD0FF69F2C613F2100C0DAD4 /* XCRemoteSwiftPackageReference "swift-snapshot-testing" */;
			productName = SnapshotTesting;
		};
/* End XCSwiftPackageProductDependency section */
	};
	rootObject = BD026C3E2C5E914300C5287D /* Project object */;
}
